// !$*UTF8*$!
{
	archiveVersion = 1;
	classes = {
	};
	objectVersion = 50;
	objects = {

/* Begin PBXBuildFile section */
		9B3A4DC822D338E90043FAB9 /* AppDelegate.m in Sources */ = {isa = PBXBuildFile; fileRef = 9B3A4DC722D338E90043FAB9 /* AppDelegate.m */; };
		9B3A4DCB22D338E90043FAB9 /* ViewController.m in Sources */ = {isa = PBXBuildFile; fileRef = 9B3A4DCA22D338E90043FAB9 /* ViewController.m */; };
		9B3A4DCE22D338E90043FAB9 /* Main.storyboard in Resources */ = {isa = PBXBuildFile; fileRef = 9B3A4DCC22D338E90043FAB9 /* Main.storyboard */; };
		9B3A4DD022D338EE0043FAB9 /* Assets.xcassets in Resources */ = {isa = PBXBuildFile; fileRef = 9B3A4DCF22D338EE0043FAB9 /* Assets.xcassets */; };
		9B3A4DD322D338EE0043FAB9 /* LaunchScreen.storyboard in Resources */ = {isa = PBXBuildFile; fileRef = 9B3A4DD122D338EE0043FAB9 /* LaunchScreen.storyboard */; };
		9B3A4DD622D338EE0043FAB9 /* main.m in Sources */ = {isa = PBXBuildFile; fileRef = 9B3A4DD522D338EE0043FAB9 /* main.m */; };
		9B3A4DE022D338EF0043FAB9 /* ComponentStudyDemoUITests.m in Sources */ = {isa = PBXBuildFile; fileRef = 9B3A4DDF22D338EF0043FAB9 /* ComponentStudyDemoUITests.m */; };
		D91B0D1B4B2AD49892821A52 /* libPods-ComponentStudyDemo.a in Frameworks */ = {isa = PBXBuildFile; fileRef = F8CCFCC5DC02B0D5F62E1F32 /* libPods-ComponentStudyDemo.a */; };
/* End PBXBuildFile section */

/* Begin PBXContainerItemProxy section */
		9B3A4DDC22D338EF0043FAB9 /* PBXContainerItemProxy */ = {
			isa = PBXContainerItemProxy;
			containerPortal = 9B3A4DBB22D338E90043FAB9 /* Project object */;
			proxyType = 1;
			remoteGlobalIDString = 9B3A4DC222D338E90043FAB9;
			remoteInfo = ComponentStudyDemo;
		};
/* End PBXContainerItemProxy section */

/* Begin PBXFileReference section */
		7241FAA5388E76475FA0AFED /* Pods-ComponentStudyDemo.debug.xcconfig */ = {isa = PBXFileReference; includeInIndex = 1; lastKnownFileType = text.xcconfig; name = "Pods-ComponentStudyDemo.debug.xcconfig"; path = "Target Support Files/Pods-ComponentStudyDemo/Pods-ComponentStudyDemo.debug.xcconfig"; sourceTree = "<group>"; };
		9B3A4DC322D338E90043FAB9 /* ComponentStudyDemo.app */ = {isa = PBXFileReference; explicitFileType = wrapper.application; includeInIndex = 0; path = ComponentStudyDemo.app; sourceTree = BUILT_PRODUCTS_DIR; };
		9B3A4DC622D338E90043FAB9 /* AppDelegate.h */ = {isa = PBXFileReference; lastKnownFileType = sourcecode.c.h; path = AppDelegate.h; sourceTree = "<group>"; };
		9B3A4DC722D338E90043FAB9 /* AppDelegate.m */ = {isa = PBXFileReference; lastKnownFileType = sourcecode.c.objc; path = AppDelegate.m; sourceTree = "<group>"; };
		9B3A4DC922D338E90043FAB9 /* ViewController.h */ = {isa = PBXFileReference; lastKnownFileType = sourcecode.c.h; path = ViewController.h; sourceTree = "<group>"; };
		9B3A4DCA22D338E90043FAB9 /* ViewController.m */ = {isa = PBXFileReference; lastKnownFileType = sourcecode.c.objc; path = ViewController.m; sourceTree = "<group>"; };
		9B3A4DCD22D338E90043FAB9 /* Base */ = {isa = PBXFileReference; lastKnownFileType = file.storyboard; name = Base; path = Base.lproj/Main.storyboard; sourceTree = "<group>"; };
		9B3A4DCF22D338EE0043FAB9 /* Assets.xcassets */ = {isa = PBXFileReference; lastKnownFileType = folder.assetcatalog; path = Assets.xcassets; sourceTree = "<group>"; };
		9B3A4DD222D338EE0043FAB9 /* Base */ = {isa = PBXFileReference; lastKnownFileType = file.storyboard; name = Base; path = Base.lproj/LaunchScreen.storyboard; sourceTree = "<group>"; };
		9B3A4DD422D338EE0043FAB9 /* Info.plist */ = {isa = PBXFileReference; lastKnownFileType = text.plist.xml; path = Info.plist; sourceTree = "<group>"; };
		9B3A4DD522D338EE0043FAB9 /* main.m */ = {isa = PBXFileReference; lastKnownFileType = sourcecode.c.objc; path = main.m; sourceTree = "<group>"; };
		9B3A4DDB22D338EF0043FAB9 /* ComponentStudyDemoUITests.xctest */ = {isa = PBXFileReference; explicitFileType = wrapper.cfbundle; includeInIndex = 0; path = ComponentStudyDemoUITests.xctest; sourceTree = BUILT_PRODUCTS_DIR; };
		9B3A4DDF22D338EF0043FAB9 /* ComponentStudyDemoUITests.m */ = {isa = PBXFileReference; lastKnownFileType = sourcecode.c.objc; path = ComponentStudyDemoUITests.m; sourceTree = "<group>"; };
		9B3A4DE122D338EF0043FAB9 /* Info.plist */ = {isa = PBXFileReference; lastKnownFileType = text.plist.xml; path = Info.plist; sourceTree = "<group>"; };
		EBCEEDA9F77BCFEDB88EADD2 /* Pods-ComponentStudyDemo.release.xcconfig */ = {isa = PBXFileReference; includeInIndex = 1; lastKnownFileType = text.xcconfig; name = "Pods-ComponentStudyDemo.release.xcconfig"; path = "Target Support Files/Pods-ComponentStudyDemo/Pods-ComponentStudyDemo.release.xcconfig"; sourceTree = "<group>"; };
		F8CCFCC5DC02B0D5F62E1F32 /* libPods-ComponentStudyDemo.a */ = {isa = PBXFileReference; explicitFileType = archive.ar; includeInIndex = 0; path = "libPods-ComponentStudyDemo.a"; sourceTree = BUILT_PRODUCTS_DIR; };
/* End PBXFileReference section */

/* Begin PBXFrameworksBuildPhase section */
		9B3A4DC022D338E90043FAB9 /* Frameworks */ = {
			isa = PBXFrameworksBuildPhase;
			buildActionMask = 2147483647;
			files = (
				D91B0D1B4B2AD49892821A52 /* libPods-ComponentStudyDemo.a in Frameworks */,
			);
			runOnlyForDeploymentPostprocessing = 0;
		};
		9B3A4DD822D338EF0043FAB9 /* Frameworks */ = {
			isa = PBXFrameworksBuildPhase;
			buildActionMask = 2147483647;
			files = (
			);
			runOnlyForDeploymentPostprocessing = 0;
		};
/* End PBXFrameworksBuildPhase section */

/* Begin PBXGroup section */
		9B3A4DBA22D338E90043FAB9 = {
			isa = PBXGroup;
			children = (
				9B3A4DC522D338E90043FAB9 /* ComponentStudyDemo */,
				9B3A4DDE22D338EF0043FAB9 /* ComponentStudyDemoUITests */,
				9B3A4DC422D338E90043FAB9 /* Products */,
				D5B0628736F76EF038396440 /* Pods */,
				C1094336CD3EF7833CEF241C /* Frameworks */,
			);
			sourceTree = "<group>";
		};
		9B3A4DC422D338E90043FAB9 /* Products */ = {
			isa = PBXGroup;
			children = (
				9B3A4DC322D338E90043FAB9 /* ComponentStudyDemo.app */,
				9B3A4DDB22D338EF0043FAB9 /* ComponentStudyDemoUITests.xctest */,
			);
			name = Products;
			sourceTree = "<group>";
		};
		9B3A4DC522D338E90043FAB9 /* ComponentStudyDemo */ = {
			isa = PBXGroup;
			children = (
				9B3A4DC622D338E90043FAB9 /* AppDelegate.h */,
				9B3A4DC722D338E90043FAB9 /* AppDelegate.m */,
				9B3A4DC922D338E90043FAB9 /* ViewController.h */,
				9B3A4DCA22D338E90043FAB9 /* ViewController.m */,
				9B3A4DCC22D338E90043FAB9 /* Main.storyboard */,
				9B3A4DCF22D338EE0043FAB9 /* Assets.xcassets */,
				9B3A4DD122D338EE0043FAB9 /* LaunchScreen.storyboard */,
				9B3A4DD422D338EE0043FAB9 /* Info.plist */,
				9B3A4DD522D338EE0043FAB9 /* main.m */,
			);
			path = ComponentStudyDemo;
			sourceTree = "<group>";
		};
		9B3A4DDE22D338EF0043FAB9 /* ComponentStudyDemoUITests */ = {
			isa = PBXGroup;
			children = (
				9B3A4DDF22D338EF0043FAB9 /* ComponentStudyDemoUITests.m */,
				9B3A4DE122D338EF0043FAB9 /* Info.plist */,
			);
			path = ComponentStudyDemoUITests;
			sourceTree = "<group>";
		};
		C1094336CD3EF7833CEF241C /* Frameworks */ = {
			isa = PBXGroup;
			children = (
				F8CCFCC5DC02B0D5F62E1F32 /* libPods-ComponentStudyDemo.a */,
			);
			name = Frameworks;
			sourceTree = "<group>";
		};
		D5B0628736F76EF038396440 /* Pods */ = {
			isa = PBXGroup;
			children = (
				7241FAA5388E76475FA0AFED /* Pods-ComponentStudyDemo.debug.xcconfig */,
				EBCEEDA9F77BCFEDB88EADD2 /* Pods-ComponentStudyDemo.release.xcconfig */,
			);
			name = Pods;
			path = Pods;
			sourceTree = "<group>";
		};
/* End PBXGroup section */

/* Begin PBXNativeTarget section */
		9B3A4DC222D338E90043FAB9 /* ComponentStudyDemo */ = {
			isa = PBXNativeTarget;
			buildConfigurationList = 9B3A4DE422D338EF0043FAB9 /* Build configuration list for PBXNativeTarget "ComponentStudyDemo" */;
			buildPhases = (
				5228EF40D8D83A438CBDB5E4 /* [CP] Check Pods Manifest.lock */,
				9B3A4DBF22D338E90043FAB9 /* Sources */,
				9B3A4DC022D338E90043FAB9 /* Frameworks */,
				9B3A4DC122D338E90043FAB9 /* Resources */,
			);
			buildRules = (
			);
			dependencies = (
			);
			name = ComponentStudyDemo;
			productName = ComponentStudyDemo;
			productReference = 9B3A4DC322D338E90043FAB9 /* ComponentStudyDemo.app */;
			productType = "com.apple.product-type.application";
		};
		9B3A4DDA22D338EF0043FAB9 /* ComponentStudyDemoUITests */ = {
			isa = PBXNativeTarget;
			buildConfigurationList = 9B3A4DE722D338EF0043FAB9 /* Build configuration list for PBXNativeTarget "ComponentStudyDemoUITests" */;
			buildPhases = (
				9B3A4DD722D338EF0043FAB9 /* Sources */,
				9B3A4DD822D338EF0043FAB9 /* Frameworks */,
				9B3A4DD922D338EF0043FAB9 /* Resources */,
			);
			buildRules = (
			);
			dependencies = (
				9B3A4DDD22D338EF0043FAB9 /* PBXTargetDependency */,
			);
			name = ComponentStudyDemoUITests;
			productName = ComponentStudyDemoUITests;
			productReference = 9B3A4DDB22D338EF0043FAB9 /* ComponentStudyDemoUITests.xctest */;
			productType = "com.apple.product-type.bundle.ui-testing";
		};
/* End PBXNativeTarget section */

/* Begin PBXProject section */
		9B3A4DBB22D338E90043FAB9 /* Project object */ = {
			isa = PBXProject;
			attributes = {
				LastUpgradeCheck = 1020;
				ORGANIZATIONNAME = "王磊";
				TargetAttributes = {
					9B3A4DC222D338E90043FAB9 = {
						CreatedOnToolsVersion = 10.2.1;
					};
					9B3A4DDA22D338EF0043FAB9 = {
						CreatedOnToolsVersion = 10.2.1;
						TestTargetID = 9B3A4DC222D338E90043FAB9;
					};
				};
			};
			buildConfigurationList = 9B3A4DBE22D338E90043FAB9 /* Build configuration list for PBXProject "ComponentStudyDemo" */;
			compatibilityVersion = "Xcode 9.3";
			developmentRegion = en;
			hasScannedForEncodings = 0;
			knownRegions = (
				en,
				Base,
			);
			mainGroup = 9B3A4DBA22D338E90043FAB9;
			productRefGroup = 9B3A4DC422D338E90043FAB9 /* Products */;
			projectDirPath = "";
			projectRoot = "";
			targets = (
				9B3A4DC222D338E90043FAB9 /* ComponentStudyDemo */,
				9B3A4DDA22D338EF0043FAB9 /* ComponentStudyDemoUITests */,
			);
		};
/* End PBXProject section */

/* Begin PBXResourcesBuildPhase section */
		9B3A4DC122D338E90043FAB9 /* Resources */ = {
			isa = PBXResourcesBuildPhase;
			buildActionMask = 2147483647;
			files = (
				9B3A4DD322D338EE0043FAB9 /* LaunchScreen.storyboard in Resources */,
				9B3A4DD022D338EE0043FAB9 /* Assets.xcassets in Resources */,
				9B3A4DCE22D338E90043FAB9 /* Main.storyboard in Resources */,
			);
			runOnlyForDeploymentPostprocessing = 0;
		};
		9B3A4DD922D338EF0043FAB9 /* Resources */ = {
			isa = PBXResourcesBuildPhase;
			buildActionMask = 2147483647;
			files = (
			);
			runOnlyForDeploymentPostprocessing = 0;
		};
/* End PBXResourcesBuildPhase section */

/* Begin PBXShellScriptBuildPhase section */
		5228EF40D8D83A438CBDB5E4 /* [CP] Check Pods Manifest.lock */ = {
			isa = PBXShellScriptBuildPhase;
			buildActionMask = 2147483647;
			files = (
			);
			inputFileListPaths = (
			);
			inputPaths = (
				"${PODS_PODFILE_DIR_PATH}/Podfile.lock",
				"${PODS_ROOT}/Manifest.lock",
			);
			name = "[CP] Check Pods Manifest.lock";
			outputFileListPaths = (
			);
			outputPaths = (
				"$(DERIVED_FILE_DIR)/Pods-ComponentStudyDemo-checkManifestLockResult.txt",
			);
			runOnlyForDeploymentPostprocessing = 0;
			shellPath = /bin/sh;
			shellScript = "diff \"${PODS_PODFILE_DIR_PATH}/Podfile.lock\" \"${PODS_ROOT}/Manifest.lock\" > /dev/null\nif [ $? != 0 ] ; then\n    # print error to STDERR\n    echo \"error: The sandbox is not in sync with the Podfile.lock. Run 'pod install' or update your CocoaPods installation.\" >&2\n    exit 1\nfi\n# This output is used by Xcode 'outputs' to avoid re-running this script phase.\necho \"SUCCESS\" > \"${SCRIPT_OUTPUT_FILE_0}\"\n";
			showEnvVarsInLog = 0;
		};
/* End PBXShellScriptBuildPhase section */

/* Begin PBXSourcesBuildPhase section */
		9B3A4DBF22D338E90043FAB9 /* Sources */ = {
			isa = PBXSourcesBuildPhase;
			buildActionMask = 2147483647;
			files = (
				9B3A4DCB22D338E90043FAB9 /* ViewController.m in Sources */,
				9B3A4DD622D338EE0043FAB9 /* main.m in Sources */,
				9B3A4DC822D338E90043FAB9 /* AppDelegate.m in Sources */,
			);
			runOnlyForDeploymentPostprocessing = 0;
		};
		9B3A4DD722D338EF0043FAB9 /* Sources */ = {
			isa = PBXSourcesBuildPhase;
			buildActionMask = 2147483647;
			files = (
				9B3A4DE022D338EF0043FAB9 /* ComponentStudyDemoUITests.m in Sources */,
			);
			runOnlyForDeploymentPostprocessing = 0;
		};
/* End PBXSourcesBuildPhase section */

/* Begin PBXTargetDependency section */
		9B3A4DDD22D338EF0043FAB9 /* PBXTargetDependency */ = {
			isa = PBXTargetDependency;
			target = 9B3A4DC222D338E90043FAB9 /* ComponentStudyDemo */;
			targetProxy = 9B3A4DDC22D338EF0043FAB9 /* PBXContainerItemProxy */;
		};
/* End PBXTargetDependency section */

/* Begin PBXVariantGroup section */
		9B3A4DCC22D338E90043FAB9 /* Main.storyboard */ = {
			isa = PBXVariantGroup;
			children = (
				9B3A4DCD22D338E90043FAB9 /* Base */,
			);
			name = Main.storyboard;
			sourceTree = "<group>";
		};
		9B3A4DD122D338EE0043FAB9 /* LaunchScreen.storyboard */ = {
			isa = PBXVariantGroup;
			children = (
				9B3A4DD222D338EE0043FAB9 /* Base */,
			);
			name = LaunchScreen.storyboard;
			sourceTree = "<group>";
		};
/* End PBXVariantGroup section */

/* Begin XCBuildConfiguration section */
		9B3A4DE222D338EF0043FAB9 /* Debug */ = {
			isa = XCBuildConfiguration;
			buildSettings = {
				ALWAYS_SEARCH_USER_PATHS = NO;
				CLANG_ANALYZER_NONNULL = YES;
				CLANG_ANALYZER_NUMBER_OBJECT_CONVERSION = YES_AGGRESSIVE;
				CLANG_CXX_LANGUAGE_STANDARD = "gnu++14";
				CLANG_CXX_LIBRARY = "libc++";
				CLANG_ENABLE_MODULES = YES;
				CLANG_ENABLE_OBJC_ARC = YES;
				CLANG_ENABLE_OBJC_WEAK = YES;
				CLANG_WARN_BLOCK_CAPTURE_AUTORELEASING = YES;
				CLANG_WARN_BOOL_CONVERSION = YES;
				CLANG_WARN_COMMA = YES;
				CLANG_WARN_CONSTANT_CONVERSION = YES;
				CLANG_WARN_DEPRECATED_OBJC_IMPLEMENTATIONS = YES;
				CLANG_WARN_DIRECT_OBJC_ISA_USAGE = YES_ERROR;
				CLANG_WARN_DOCUMENTATION_COMMENTS = YES;
				CLANG_WARN_EMPTY_BODY = YES;
				CLANG_WARN_ENUM_CONVERSION = YES;
				CLANG_WARN_INFINITE_RECURSION = YES;
				CLANG_WARN_INT_CONVERSION = YES;
				CLANG_WARN_NON_LITERAL_NULL_CONVERSION = YES;
				CLANG_WARN_OBJC_IMPLICIT_RETAIN_SELF = YES;
				CLANG_WARN_OBJC_LITERAL_CONVERSION = YES;
				CLANG_WARN_OBJC_ROOT_CLASS = YES_ERROR;
				CLANG_WARN_RANGE_LOOP_ANALYSIS = YES;
				CLANG_WARN_STRICT_PROTOTYPES = YES;
				CLANG_WARN_SUSPICIOUS_MOVE = YES;
				CLANG_WARN_UNGUARDED_AVAILABILITY = YES_AGGRESSIVE;
				CLANG_WARN_UNREACHABLE_CODE = YES;
				CLANG_WARN__DUPLICATE_METHOD_MATCH = YES;
				CODE_SIGN_IDENTITY = "iPhone Developer";
				COPY_PHASE_STRIP = NO;
				DEBUG_INFORMATION_FORMAT = dwarf;
				ENABLE_STRICT_OBJC_MSGSEND = YES;
				ENABLE_TESTABILITY = YES;
				GCC_C_LANGUAGE_STANDARD = gnu11;
				GCC_DYNAMIC_NO_PIC = NO;
				GCC_NO_COMMON_BLOCKS = YES;
				GCC_OPTIMIZATION_LEVEL = 0;
				GCC_PREPROCESSOR_DEFINITIONS = (
					"DEBUG=1",
					"$(inherited)",
				);
				GCC_WARN_64_TO_32_BIT_CONVERSION = YES;
				GCC_WARN_ABOUT_RETURN_TYPE = YES_ERROR;
				GCC_WARN_UNDECLARED_SELECTOR = YES;
				GCC_WARN_UNINITIALIZED_AUTOS = YES_AGGRESSIVE;
				GCC_WARN_UNUSED_FUNCTION = YES;
				GCC_WARN_UNUSED_VARIABLE = YES;
				IPHONEOS_DEPLOYMENT_TARGET = 12.2;
				MTL_ENABLE_DEBUG_INFO = INCLUDE_SOURCE;
				MTL_FAST_MATH = YES;
				ONLY_ACTIVE_ARCH = YES;
				SDKROOT = iphoneos;
			};
			name = Debug;
		};
		9B3A4DE322D338EF0043FAB9 /* Release */ = {
			isa = XCBuildConfiguration;
			buildSettings = {
				ALWAYS_SEARCH_USER_PATHS = NO;
				CLANG_ANALYZER_NONNULL = YES;
				CLANG_ANALYZER_NUMBER_OBJECT_CONVERSION = YES_AGGRESSIVE;
				CLANG_CXX_LANGUAGE_STANDARD = "gnu++14";
				CLANG_CXX_LIBRARY = "libc++";
				CLANG_ENABLE_MODULES = YES;
				CLANG_ENABLE_OBJC_ARC = YES;
				CLANG_ENABLE_OBJC_WEAK = YES;
				CLANG_WARN_BLOCK_CAPTURE_AUTORELEASING = YES;
				CLANG_WARN_BOOL_CONVERSION = YES;
				CLANG_WARN_COMMA = YES;
				CLANG_WARN_CONSTANT_CONVERSION = YES;
				CLANG_WARN_DEPRECATED_OBJC_IMPLEMENTATIONS = YES;
				CLANG_WARN_DIRECT_OBJC_ISA_USAGE = YES_ERROR;
				CLANG_WARN_DOCUMENTATION_COMMENTS = YES;
				CLANG_WARN_EMPTY_BODY = YES;
				CLANG_WARN_ENUM_CONVERSION = YES;
				CLANG_WARN_INFINITE_RECURSION = YES;
				CLANG_WARN_INT_CONVERSION = YES;
				CLANG_WARN_NON_LITERAL_NULL_CONVERSION = YES;
				CLANG_WARN_OBJC_IMPLICIT_RETAIN_SELF = YES;
				CLANG_WARN_OBJC_LITERAL_CONVERSION = YES;
				CLANG_WARN_OBJC_ROOT_CLASS = YES_ERROR;
				CLANG_WARN_RANGE_LOOP_ANALYSIS = YES;
				CLANG_WARN_STRICT_PROTOTYPES = YES;
				CLANG_WARN_SUSPICIOUS_MOVE = YES;
				CLANG_WARN_UNGUARDED_AVAILABILITY = YES_AGGRESSIVE;
				CLANG_WARN_UNREACHABLE_CODE = YES;
				CLANG_WARN__DUPLICATE_METHOD_MATCH = YES;
				CODE_SIGN_IDENTITY = "iPhone Developer";
				COPY_PHASE_STRIP = NO;
				DEBUG_INFORMATION_FORMAT = "dwarf-with-dsym";
				ENABLE_NS_ASSERTIONS = NO;
				ENABLE_STRICT_OBJC_MSGSEND = YES;
				GCC_C_LANGUAGE_STANDARD = gnu11;
				GCC_NO_COMMON_BLOCKS = YES;
				GCC_WARN_64_TO_32_BIT_CONVERSION = YES;
				GCC_WARN_ABOUT_RETURN_TYPE = YES_ERROR;
				GCC_WARN_UNDECLARED_SELECTOR = YES;
				GCC_WARN_UNINITIALIZED_AUTOS = YES_AGGRESSIVE;
				GCC_WARN_UNUSED_FUNCTION = YES;
				GCC_WARN_UNUSED_VARIABLE = YES;
				IPHONEOS_DEPLOYMENT_TARGET = 12.2;
				MTL_ENABLE_DEBUG_INFO = NO;
				MTL_FAST_MATH = YES;
				SDKROOT = iphoneos;
				VALIDATE_PRODUCT = YES;
			};
			name = Release;
		};
		9B3A4DE522D338EF0043FAB9 /* Debug */ = {
			isa = XCBuildConfiguration;
			baseConfigurationReference = 7241FAA5388E76475FA0AFED /* Pods-ComponentStudyDemo.debug.xcconfig */;
			buildSettings = {
				ASSETCATALOG_COMPILER_APPICON_NAME = AppIcon;
				CODE_SIGN_STYLE = Automatic;
				DEVELOPMENT_TEAM = NW94V2XK7K;
				INFOPLIST_FILE = ComponentStudyDemo/Info.plist;
				IPHONEOS_DEPLOYMENT_TARGET = 9.0;
				LD_RUNPATH_SEARCH_PATHS = (
					"$(inherited)",
					"@executable_path/Frameworks",
				);
				PRODUCT_BUNDLE_IDENTIFIER = com.sysuleiw.demo.ComponentStudyDemo;
				PRODUCT_NAME = "$(TARGET_NAME)";
				TARGETED_DEVICE_FAMILY = 1;
			};
			name = Debug;
		};
		9B3A4DE622D338EF0043FAB9 /* Release */ = {
			isa = XCBuildConfiguration;
			baseConfigurationReference = EBCEEDA9F77BCFEDB88EADD2 /* Pods-ComponentStudyDemo.release.xcconfig */;
			buildSettings = {
				ASSETCATALOG_COMPILER_APPICON_NAME = AppIcon;
				CODE_SIGN_STYLE = Automatic;
				DEVELOPMENT_TEAM = NW94V2XK7K;
				INFOPLIST_FILE = ComponentStudyDemo/Info.plist;
				IPHONEOS_DEPLOYMENT_TARGET = 9.0;
				LD_RUNPATH_SEARCH_PATHS = (
					"$(inherited)",
					"@executable_path/Frameworks",
				);
				PRODUCT_BUNDLE_IDENTIFIER = com.sysuleiw.demo.ComponentStudyDemo;
				PRODUCT_NAME = "$(TARGET_NAME)";
				TARGETED_DEVICE_FAMILY = 1;
			};
			name = Release;
		};
		9B3A4DE822D338EF0043FAB9 /* Debug */ = {
			isa = XCBuildConfiguration;
			buildSettings = {
				CODE_SIGN_STYLE = Automatic;
				DEVELOPMENT_TEAM = NW94V2XK7K;
				INFOPLIST_FILE = ComponentStudyDemoUITests/Info.plist;
				LD_RUNPATH_SEARCH_PATHS = (
					"$(inherited)",
					"@executable_path/Frameworks",
					"@loader_path/Frameworks",
				);
				PRODUCT_BUNDLE_IDENTIFIER = com.sysuleiw.demo.ComponentStudyDemoUITests;
				PRODUCT_NAME = "$(TARGET_NAME)";
				TARGETED_DEVICE_FAMILY = "1,2";
				TEST_TARGET_NAME = ComponentStudyDemo;
			};
			name = Debug;
		};
		9B3A4DE922D338EF0043FAB9 /* Release */ = {
			isa = XCBuildConfiguration;
			buildSettings = {
				CODE_SIGN_STYLE = Automatic;
				DEVELOPMENT_TEAM = NW94V2XK7K;
				INFOPLIST_FILE = ComponentStudyDemoUITests/Info.plist;
				LD_RUNPATH_SEARCH_PATHS = (
					"$(inherited)",
					"@executable_path/Frameworks",
					"@loader_path/Frameworks",
				);
				PRODUCT_BUNDLE_IDENTIFIER = com.sysuleiw.demo.ComponentStudyDemoUITests;
				PRODUCT_NAME = "$(TARGET_NAME)";
				TARGETED_DEVICE_FAMILY = "1,2";
				TEST_TARGET_NAME = ComponentStudyDemo;
			};
			name = Release;
		};
/* End XCBuildConfiguration section */

/* Begin XCConfigurationList section */
		9B3A4DBE22D338E90043FAB9 /* Build configuration list for PBXProject "ComponentStudyDemo" */ = {
			isa = XCConfigurationList;
			buildConfigurations = (
				9B3A4DE222D338EF0043FAB9 /* Debug */,
				9B3A4DE322D338EF0043FAB9 /* Release */,
			);
			defaultConfigurationIsVisible = 0;
			defaultConfigurationName = Release;
		};
		9B3A4DE422D338EF0043FAB9 /* Build configuration list for PBXNativeTarget "ComponentStudyDemo" */ = {
			isa = XCConfigurationList;
			buildConfigurations = (
				9B3A4DE522D338EF0043FAB9 /* Debug */,
				9B3A4DE622D338EF0043FAB9 /* Release */,
			);
			defaultConfigurationIsVisible = 0;
			defaultConfigurationName = Release;
		};
		9B3A4DE722D338EF0043FAB9 /* Build configuration list for PBXNativeTarget "ComponentStudyDemoUITests" */ = {
			isa = XCConfigurationList;
			buildConfigurations = (
				9B3A4DE822D338EF0043FAB9 /* Debug */,
				9B3A4DE922D338EF0043FAB9 /* Release */,
			);
			defaultConfigurationIsVisible = 0;
			defaultConfigurationName = Release;
		};
/* End XCConfigurationList section */
	};
	rootObject = 9B3A4DBB22D338E90043FAB9 /* Project object */;
}
